# This file is autogenerated, do not edit; changes may be undone by the next 'dep ensure'.


[[projects]]
  name = "github.com/Microsoft/go-winio"
  packages = ["."]
  revision = "78439966b38d69bf38227fbf57ac8a6fee70f69a"
  version = "v0.4.5"

[[projects]]
  name = "github.com/containerd/containerd"
  packages = [".","api/services/containers/v1","api/services/content/v1","api/services/diff/v1","api/services/events/v1","api/services/images/v1","api/services/introspection/v1","api/services/leases/v1","api/services/namespaces/v1","api/services/snapshots/v1","api/services/tasks/v1","api/services/version/v1","api/types","api/types/task","cio","containers","content","dialer","diff","errdefs","events","events/exchange","filters","fs","identifiers","images","leases","linux/runctypes","log","mount","namespaces","oci","platforms","plugin","protobuf/google/rpc","reference","remotes","remotes/docker","remotes/docker/schema1","rootfs","snapshots","sys"]
  revision = "08f179386e1310e13e437af4724aa1a1ff7e3647"
  version = "v1.0.0-rc.0"

[[projects]]
  name = "github.com/containerd/continuity"
  packages = ["sysx"]
  revision = "cf279e6ac893682272b4479d4c67fd3abf878b4e"

[[projects]]
  branch = "master"
  name = "github.com/containerd/fifo"
  packages = ["."]
  revision = "fbfb6a11ec671efbe94ad1c12c2e98773f19e1e6"

[[projects]]
  branch = "master"
  name = "github.com/containerd/typeurl"
  packages = ["."]
  revision = "f6943554a7e7e88b3c14aad190bf05932da84788"

[[projects]]
  branch = "master"
  name = "github.com/docker/go-events"
  packages = ["."]
  revision = "9461782956ad83b30282bf90e31fa6a70c255ba9"

[[projects]]
  name = "github.com/gogo/protobuf"
  packages = ["proto","sortkeys","types"]
  revision = "342cbe0a04158f6dcb03ca0079991a51a4248c02"
  version = "v0.5"

[[projects]]
  name = "github.com/golang/protobuf"
  packages = ["proto","ptypes","ptypes/any","ptypes/duration","ptypes/timestamp"]
  revision = "1643683e1b54a9e88ad26d98f81400c8c9d9f4f9"

[[projects]]
  name = "github.com/opencontainers/go-digest"
  packages = ["."]
  revision = "21dfd564fd89c944783d00d069f33e3e7123c448"

[[projects]]
  name = "github.com/opencontainers/image-spec"
  packages = ["identity","specs-go","specs-go/v1"]
  revision = "ab7389ef9f50030c9b245bc16b981c7ddf192882"
  version = "v1.0.0"

[[projects]]
  name = "github.com/opencontainers/runc"
  packages = ["libcontainer/system","libcontainer/user"]
  revision = "74a17296470088de3805e138d3d87c62e613dfc4"

[[projects]]
  name = "github.com/opencontainers/runtime-spec"
  packages = ["specs-go"]
  revision = "02137cd4e50b37a01665e1731fcd4ac2d2178230"
  version = "v1.0.0"

[[projects]]
  branch = "master"
  name = "github.com/pkg/errors"
  packages = ["."]
  revision = "f15c970de5b76fac0b59abb32d62c17cc7bed265"

[[projects]]
  name = "github.com/sirupsen/logrus"
  packages = ["."]
  revision = "202f25545ea4cf9b191ff7f846df5d87c9382c2b"
  version = "v1.0.0"

[[projects]]
  name = "golang.org/x/net"
  packages = ["context","context/ctxhttp","http2","http2/hpack","idna","internal/timeseries","lex/httplex","trace"]
  revision = "7dcfb8076726a3fdd9353b6b8a1f1b6be6811bd6"

[[projects]]
  name = "golang.org/x/sync"
  packages = ["errgroup"]
  revision = "450f422ab23cf9881c94e2db30cac0eb1b7cf80c"

[[projects]]
  name = "golang.org/x/sys"
  packages = ["unix","windows"]
  revision = "314a259e304ff91bd6985da2a7149bbf91237993"

[[projects]]
  name = "golang.org/x/text"
  packages = ["collate","collate/build","internal/colltab","internal/gen","internal/tag","internal/triegen","internal/ucd","language","secure/bidirule","transform","unicode/bidi","unicode/cldr","unicode/norm","unicode/rangetable"]
  revision = "75cc3cad82b5f47d3fb229ddda8c5167da14f294"

[[projects]]
  name = "google.golang.org/genproto"
  packages = ["googleapis/rpc/status"]
  revision = "d80a6e20e776b0b17a324d0ba1ab50a39c8e8944"

[[projects]]
  name = "google.golang.org/grpc"
  packages = [".","balancer","codes","connectivity","credentials","grpclb/grpc_lb_v1/messages","grpclog","health/grpc_health_v1","internal","keepalive","metadata","naming","peer","resolver","stats","status","tap","transport"]
  revision = "5ffe3083946d5603a0578721101dc8165b1d5b5f"
  version = "v1.7.2"

[[projects]]
  branch = "v2"
  name = "gopkg.in/yaml.v2"
  packages = ["."]
  revision = "287cf08546ab5e7e37d55a84f7ed3fd1db036de5"

[solve-meta]
  analyzer-name = "dep"
  analyzer-version = 1
  inputs-digest = "33ab373154868aadc7e73df42b95fdd1a6c09ddd0ec9f4d115992c798e78a2fb"
  solver-name = "gps-cdcl"
  solver-version = 1
